{
    "name": "eightgoldenlions-logic",
    "version": "0.0.1",
    "lockfileVersion": 3,
    "requires": true,
    "packages": {
        "": {
            "name": "eightgoldenlions-logic",
            "version": "0.0.1",
            "hasInstallScript": true,
            "license": "ISC",
            "dependencies": {
                "@types/node": "^12.0.0",
                "@types/ws": "^6.0.1",
                "cli-progress": "^3.8.2",
                "fs": "0.0.1-security",
                "typescript": "^3.6.3",
                "ws": "^7.1.2"
            },
            "devDependencies": {
                "module-alias": "^2.2.2"
            }
        },
        "node_modules/@types/node": {
            "version": "12.20.55",
            "resolved": "https://registry.npmjs.org/@types/node/-/node-12.20.55.tgz",
            "integrity": "sha512-J8xLz7q2OFulZ2cyGTLE1TbbZcjpno7FaN6zdJNrgAdrJ+DZzh/uFR6YrTb4C+nXakvud8Q4+rbhoIWlYQbUFQ=="
        },
        "node_modules/@types/ws": {
            "version": "6.0.4",
            "resolved": "https://registry.npmjs.org/@types/ws/-/ws-6.0.4.tgz",
            "integrity": "sha512-PpPrX7SZW9re6+Ha8ojZG4Se8AZXgf0GK6zmfqEuCsY49LFDNXO3SByp44X3dFEqtB73lkCDAdUazhAjVPiNwg==",
            "dependencies": {
                "@types/node": "*"
            }
        },
        "node_modules/ansi-regex": {
            "version": "5.0.1",
            "resolved": "https://registry.npmjs.org/ansi-regex/-/ansi-regex-5.0.1.tgz",
            "integrity": "sha512-quJQXlTSUGL2LH9SUXo8VwsY4soanhgo6LNSm84E1LBcE8s3O0wpdiRzyR9z/ZZJMlMWv37qOOb9pdJlMUEKFQ==",
            "engines": {
                "node": ">=8"
            }
        },
        "node_modules/cli-progress": {
            "version": "3.12.0",
            "resolved": "https://registry.npmjs.org/cli-progress/-/cli-progress-3.12.0.tgz",
            "integrity": "sha512-tRkV3HJ1ASwm19THiiLIXLO7Im7wlTuKnvkYaTkyoAPefqjNg7W7DHKUlGRxy9vxDvbyCYQkQozvptuMkGCg8A==",
            "dependencies": {
                "string-width": "^4.2.3"
            },
            "engines": {
                "node": ">=4"
            }
        },
        "node_modules/emoji-regex": {
            "version": "8.0.0",
            "resolved": "https://registry.npmjs.org/emoji-regex/-/emoji-regex-8.0.0.tgz",
            "integrity": "sha512-MSjYzcWNOA0ewAHpz0MxpYFvwg6yjy1NG3xteoqz644VCo/RPgnr1/GGt+ic3iJTzQ8Eu3TdM14SawnVUmGE6A=="
        },
        "node_modules/fs": {
            "version": "0.0.1-security",
            "resolved": "https://registry.npmjs.org/fs/-/fs-0.0.1-security.tgz",
            "integrity": "sha512-3XY9e1pP0CVEUCdj5BmfIZxRBTSDycnbqhIOGec9QYtmVH2fbLpj86CFWkrNOkt/Fvty4KZG5lTglL9j/gJ87w=="
        },
        "node_modules/is-fullwidth-code-point": {
            "version": "3.0.0",
            "resolved": "https://registry.npmjs.org/is-fullwidth-code-point/-/is-fullwidth-code-point-3.0.0.tgz",
            "integrity": "sha512-zymm5+u+sCsSWyD9qNaejV3DFvhCKclKdizYaJUuHA83RLjb7nSuGnddCHGv0hk+KY7BMAlsWeK4Ueg6EV6XQg==",
            "engines": {
                "node": ">=8"
            }
        },
        "node_modules/module-alias": {
            "version": "2.2.3",
            "resolved": "https://registry.npmjs.org/module-alias/-/module-alias-2.2.3.tgz",
            "integrity": "sha512-23g5BFj4zdQL/b6tor7Ji+QY4pEfNH784BMslY9Qb0UnJWRAt+lQGLYmRaM0KDBwIG23ffEBELhZDP2rhi9f/Q==",
            "dev": true
        },
        "node_modules/string-width": {
            "version": "4.2.3",
            "resolved": "https://registry.npmjs.org/string-width/-/string-width-4.2.3.tgz",
            "integrity": "sha512-wKyQRQpjJ0sIp62ErSZdGsjMJWsap5oRNihHhu6G7JVO/9jIB6UyevL+tXuOqrng8j/cxKTWyWUwvSTriiZz/g==",
            "dependencies": {
                "emoji-regex": "^8.0.0",
                "is-fullwidth-code-point": "^3.0.0",
                "strip-ansi": "^6.0.1"
            },
            "engines": {
                "node": ">=8"
            }
        },
        "node_modules/strip-ansi": {
            "version": "6.0.1",
            "resolved": "https://registry.npmjs.org/strip-ansi/-/strip-ansi-6.0.1.tgz",
            "integrity": "sha512-Y38VPSHcqkFrCpFnQ9vuSXmquuv5oXOKpGeT6aGrr3o3Gc9AlVa6JBfUSOCnbxGGZF+/0ooI7KrPuUSztUdU5A==",
            "dependencies": {
                "ansi-regex": "^5.0.1"
            },
            "engines": {
                "node": ">=8"
            }
        },
        "node_modules/typescript": {
            "version": "3.9.10",
            "resolved": "https://registry.npmjs.org/typescript/-/typescript-3.9.10.tgz",
            "integrity": "sha512-w6fIxVE/H1PkLKcCPsFqKE7Kv7QUwhU8qQY2MueZXWx5cPZdwFupLgKK3vntcK98BtNHZtAF4LA/yl2a7k8R6Q==",
            "bin": {
                "tsc": "bin/tsc",
                "tsserver": "bin/tsserver"
            },
            "engines": {
                "node": ">=4.2.0"
            }
        },
        "node_modules/ws": {
            "version": "7.5.9",
            "resolved": "https://registry.npmjs.org/ws/-/ws-7.5.9.tgz",
            "integrity": "sha512-F+P9Jil7UiSKSkppIiD94dN07AwvFixvLIj1Og1Rl9GGMuNipJnV9JzjD6XuqmAeiswGvUmNLjr5cFuXwNS77Q==",
            "engines": {
                "node": ">=8.3.0"
            },
            "peerDependencies": {
                "bufferutil": "^4.0.1",
                "utf-8-validate": "^5.0.2"
            },
            "peerDependenciesMeta": {
                "bufferutil": {
                    "optional": true
                },
                "utf-8-validate": {
                    "optional": true
                }
            }
        }
    }
}
